
Microsoft Visual Studio Solution File, Format Version 12.00
# Visual Studio Version 17
VisualStudioVersion = 17.9.34902.65
MinimumVisualStudioVersion = 10.0.40219.1
Project("{FAE04EC0-301F-11D3-BF4B-00C04F79EFBC}") = "Chatting-Demo", "Chatting-Demo.csproj", "{091AB4AE-A298-4FA0-8FE4-873003F720D8}"
EndProject
Global
	GlobalSection(SolutionConfigurationPlatforms) = preSolution
		Debug|Any CPU = Debug|Any CPU
		Release|Any CPU = Release|Any CPU
	EndGlobalSection
	GlobalSection(ProjectConfigurationPlatforms) = postSolution
		{091AB4AE-A298-4FA0-8FE4-873003F720D8}.Debug|Any CPU.ActiveCfg = Debug|Any CPU
		{091AB4AE-A298-4FA0-8FE4-873003F720D8}.Debug|Any CPU.Build.0 = Debug|Any CPU
		{091AB4AE-A298-4FA0-8FE4-873003F720D8}.Release|Any CPU.ActiveCfg = Release|Any CPU
		{091AB4AE-A298-4FA0-8FE4-873003F720D8}.Release|Any CPU.Build.0 = Release|Any CPU
	EndGlobalSection
	GlobalSection(SolutionProperties) = preSolution
		HideSolutionNode = FALSE
	EndGlobalSection
	GlobalSection(ExtensibilityGlobals) = postSolution
		SolutionGuid = {FD82D1DF-5E42-4E66-8C49-1D8DA83F8EC3}
	EndGlobalSection
EndGlobal
